PODS:
  - Flutter (1.0.0)
  - mafbase_stream (0.0.1):
    - Flutter
    - SwiftProtobuf (~> 1.25)
  - SwiftProtobuf (1.37.0)

DEPENDENCIES:
  - Flutter (from `Flutter`)
  - mafbase_stream (from `.symlinks/plugins/mafbase_stream/ios`)

SPEC REPOS:
  trunk:
    - SwiftProtobuf

EXTERNAL SOURCES:
  Flutter:
    :path: Flutter
  mafbase_stream:
    :path: ".symlinks/plugins/mafbase_stream/ios"

SPEC CHECKSUMS:
  Flutter: cabc95a1d2626b1b06e7179b784ebcf0c0cde467
  mafbase_stream: 2c053ded6e1e3f3999059f13b7009c253474775e
  SwiftProtobuf: 3fafd1b2fb97e6d95ad9c8adb2215da9afec7c83

PODFILE CHECKSUM: d71a8f9d234bf288cee64b372c30c196c8075224

COCOAPODS: 1.16.2
